
Microsoft Visual Studio Solution File, Format Version 12.00
# Visual Studio Version 16
VisualStudioVersion = 16.0.31112.23
MinimumVisualStudioVersion = 10.0.40219.1
Project("{FAE04EC0-301F-11D3-BF4B-00C04F79EFBC}") = "RegistrationForm", "RegistrationForm\RegistrationForm.csproj", "{798432E4-3BD4-446F-8A15-F617E28B2D20}"
EndProject
Global
	GlobalSection(SolutionConfigurationPlatforms) = preSolution
		Debug|Any CPU = Debug|Any CPU
		Release|Any CPU = Release|Any CPU
	EndGlobalSection
	GlobalSection(ProjectConfigurationPlatforms) = postSolution
		{798432E4-3BD4-446F-8A15-F617E28B2D20}.Debug|Any CPU.ActiveCfg = Debug|Any CPU
		{798432E4-3BD4-446F-8A15-F617E28B2D20}.Debug|Any CPU.Build.0 = Debug|Any CPU
		{798432E4-3BD4-446F-8A15-F617E28B2D20}.Release|Any CPU.ActiveCfg = Release|Any CPU
		{798432E4-3BD4-446F-8A15-F617E28B2D20}.Release|Any CPU.Build.0 = Release|Any CPU
	EndGlobalSection
	GlobalSection(SolutionProperties) = preSolution
		HideSolutionNode = FALSE
	EndGlobalSection
	GlobalSection(ExtensibilityGlobals) = postSolution
		SolutionGuid = {40C14053-243D-43A6-A74C-6605B6838ED4}
	EndGlobalSection
EndGlobal
