
Microsoft Visual Studio Solution File, Format Version 12.00
# Visual Studio Version 16
VisualStudioVersion = 16.0.31112.23
MinimumVisualStudioVersion = 10.0.40219.1
Project("{FAE04EC0-301F-11D3-BF4B-00C04F79EFBC}") = "db_GUI", "db_GUI\db_GUI.csproj", "{4D4D97A3-D033-4B8F-9ADC-C761CD3FDC0A}"
EndProject
Global
	GlobalSection(SolutionConfigurationPlatforms) = preSolution
		Debug|Any CPU = Debug|Any CPU
		Release|Any CPU = Release|Any CPU
	EndGlobalSection
	GlobalSection(ProjectConfigurationPlatforms) = postSolution
		{4D4D97A3-D033-4B8F-9ADC-C761CD3FDC0A}.Debug|Any CPU.ActiveCfg = Debug|Any CPU
		{4D4D97A3-D033-4B8F-9ADC-C761CD3FDC0A}.Debug|Any CPU.Build.0 = Debug|Any CPU
		{4D4D97A3-D033-4B8F-9ADC-C761CD3FDC0A}.Release|Any CPU.ActiveCfg = Release|Any CPU
		{4D4D97A3-D033-4B8F-9ADC-C761CD3FDC0A}.Release|Any CPU.Build.0 = Release|Any CPU
	EndGlobalSection
	GlobalSection(SolutionProperties) = preSolution
		HideSolutionNode = FALSE
	EndGlobalSection
	GlobalSection(ExtensibilityGlobals) = postSolution
		SolutionGuid = {E9FF6F02-C419-4572-859E-7B2F9D548EC2}
	EndGlobalSection
EndGlobal
